
Microsoft Visual Studio Solution File, Format Version 12.00
# Visual Studio Version 17
VisualStudioVersion = 17.2.32630.192
MinimumVisualStudioVersion = 10.0.40219.1
Project("{9A19103F-16F7-4668-BE54-9A1E7A4F7556}") = "Server", "Server\Server.csproj", "{0E2F546F-B557-4498-85B3-0D537FD4EF94}"
EndProject
Project("{9A19103F-16F7-4668-BE54-9A1E7A4F7556}") = "DummyClient", "DummyClient\DummyClient.csproj", "{C8922DE6-8C1E-45D3-ADA5-A268492729C2}"
EndProject
Project("{9A19103F-16F7-4668-BE54-9A1E7A4F7556}") = "ServerCore", "ServerCore\ServerCore.csproj", "{7A6B942C-BFC7-4BBB-B422-DEB1126CF1FD}"
EndProject
Project("{FAE04EC0-301F-11D3-BF4B-00C04F79EFBC}") = "PacketGenerator", "PacketGenerator\PacketGenerator.csproj", "{2B267E61-114B-4A57-99F4-CF2F7EA68B63}"
EndProject
Project("{2150E333-8FDC-42A3-9474-1A3956D46DE8}") = "Tools", "Tools", "{9C42132F-EF82-467C-A3B8-89A6C29FADC8}"
EndProject
Global
	GlobalSection(SolutionConfigurationPlatforms) = preSolution
		Debug|Any CPU = Debug|Any CPU
		Release|Any CPU = Release|Any CPU
	EndGlobalSection
	GlobalSection(ProjectConfigurationPlatforms) = postSolution
		{0E2F546F-B557-4498-85B3-0D537FD4EF94}.Debug|Any CPU.ActiveCfg = Debug|Any CPU
		{0E2F546F-B557-4498-85B3-0D537FD4EF94}.Debug|Any CPU.Build.0 = Debug|Any CPU
		{0E2F546F-B557-4498-85B3-0D537FD4EF94}.Release|Any CPU.ActiveCfg = Release|Any CPU
		{0E2F546F-B557-4498-85B3-0D537FD4EF94}.Release|Any CPU.Build.0 = Release|Any CPU
		{C8922DE6-8C1E-45D3-ADA5-A268492729C2}.Debug|Any CPU.ActiveCfg = Debug|Any CPU
		{C8922DE6-8C1E-45D3-ADA5-A268492729C2}.Debug|Any CPU.Build.0 = Debug|Any CPU
		{C8922DE6-8C1E-45D3-ADA5-A268492729C2}.Release|Any CPU.ActiveCfg = Release|Any CPU
		{C8922DE6-8C1E-45D3-ADA5-A268492729C2}.Release|Any CPU.Build.0 = Release|Any CPU
		{7A6B942C-BFC7-4BBB-B422-DEB1126CF1FD}.Debug|Any CPU.ActiveCfg = Debug|Any CPU
		{7A6B942C-BFC7-4BBB-B422-DEB1126CF1FD}.Debug|Any CPU.Build.0 = Debug|Any CPU
		{7A6B942C-BFC7-4BBB-B422-DEB1126CF1FD}.Release|Any CPU.ActiveCfg = Release|Any CPU
		{7A6B942C-BFC7-4BBB-B422-DEB1126CF1FD}.Release|Any CPU.Build.0 = Release|Any CPU
		{2B267E61-114B-4A57-99F4-CF2F7EA68B63}.Debug|Any CPU.ActiveCfg = Debug|Any CPU
		{2B267E61-114B-4A57-99F4-CF2F7EA68B63}.Debug|Any CPU.Build.0 = Debug|Any CPU
		{2B267E61-114B-4A57-99F4-CF2F7EA68B63}.Release|Any CPU.ActiveCfg = Release|Any CPU
		{2B267E61-114B-4A57-99F4-CF2F7EA68B63}.Release|Any CPU.Build.0 = Release|Any CPU
	EndGlobalSection
	GlobalSection(SolutionProperties) = preSolution
		HideSolutionNode = FALSE
	EndGlobalSection
	GlobalSection(NestedProjects) = preSolution
		{2B267E61-114B-4A57-99F4-CF2F7EA68B63} = {9C42132F-EF82-467C-A3B8-89A6C29FADC8}
	EndGlobalSection
	GlobalSection(ExtensibilityGlobals) = postSolution
		SolutionGuid = {08A215AE-369F-4189-B7D0-0D312B2098E3}
	EndGlobalSection
EndGlobal
